
Microsoft Visual Studio Solution File, Format Version 12.00
# Visual Studio 15
VisualStudioVersion = 15.0.26430.15
MinimumVisualStudioVersion = 10.0.40219.1
Project("{FAE04EC0-301F-11D3-BF4B-00C04F79EFBC}") = "XeGateway.Web", "XeGateway\XeGateway.Web.csproj", "{05C1EA3E-5CC0-4C3C-891B-2718B44B0372}"
EndProject
Project("{FAE04EC0-301F-11D3-BF4B-00C04F79EFBC}") = "XeGateway.Contract", "Xe.Gateway.Data\XeGateway.Contract.csproj", "{92AA9618-853B-486C-AFAB-6B1532751A27}"
EndProject
Project("{FAE04EC0-301F-11D3-BF4B-00C04F79EFBC}") = "XeGateWay.Domain", "XeGateWay.Domain\XeGateWay.Domain.csproj", "{BCDBAB7F-A011-4081-B42A-C9FB36AEC08F}"
EndProject
Project("{FAE04EC0-301F-11D3-BF4B-00C04F79EFBC}") = "XeGateway.Data.EFRepository", "XeGateway.Data.EFRepository\XeGateway.Data.EFRepository.csproj", "{57BF5A17-9751-4AB8-8324-2C7081D9640B}"
EndProject
Project("{FAE04EC0-301F-11D3-BF4B-00C04F79EFBC}") = "XeGateway.Data.EFRepository.Test", "XeGateway.Data.EFRepository.Test\XeGateway.Data.EFRepository.Test.csproj", "{23C6A040-5EFE-4DC2-A6BD-0C39197C932E}"
EndProject
Project("{2150E333-8FDC-42A3-9474-1A3956D46DE8}") = "NodeServer-CurrencyConversion", "NodeServer-CurrencyConversion", "{B1CA4FCE-48C4-4133-80E9-976C1E9D811A}"
EndProject
Project("{9092AA53-FB77-4645-B42D-1CCCA6BD08BD}") = "NodeWeb", "NodeWeb\NodeWeb.njsproj", "{35BF8A61-AC28-41BD-B32E-E21C30823F91}"
EndProject
Project("{2150E333-8FDC-42A3-9474-1A3956D46DE8}") = "Resource", "Resource", "{328997B5-471E-4AA4-ABF4-A412C397DC50}"
	ProjectSection(SolutionItems) = preProject
		..\..\..\..\Desktop\GetALL.jpg = ..\..\..\..\Desktop\GetALL.jpg
		GetConversion.jpg = GetConversion.jpg
		GetCurrencyCodes.jpg = GetCurrencyCodes.jpg
		Update.jpg = Update.jpg
	EndProjectSection
EndProject
Project("{FAE04EC0-301F-11D3-BF4B-00C04F79EFBC}") = "Xe.Gateway.ServiceInterface.Yahoo", "Xe.Gateway.ServiceInterface.Yahoo\Xe.Gateway.ServiceInterface.Yahoo.csproj", "{7DE73B04-C192-49FE-9326-8A7D2B90C1A0}"
EndProject
Project("{FAE04EC0-301F-11D3-BF4B-00C04F79EFBC}") = "Xe.Gateway.ServiceInterface.Oanda", "Xe.Gateway.ServiceInterface.Oanda\Xe.Gateway.ServiceInterface.Oanda.csproj", "{1468BE1D-A350-42C2-B602-74BCE76CD2F1}"
EndProject
Project("{FAE04EC0-301F-11D3-BF4B-00C04F79EFBC}") = "Xegateway.Application", "Xegateway.Application\Xegateway.Application.csproj", "{719A235E-F8CD-4729-9CFC-E63E1A0AA3CC}"
EndProject
Project("{FAE04EC0-301F-11D3-BF4B-00C04F79EFBC}") = "XeGateway.Application.Test", "XeGateway.Application.Test\XeGateway.Application.Test.csproj", "{9B83212B-16AF-4E8A-8F53-8343BF895BA4}"
EndProject
Project("{FAE04EC0-301F-11D3-BF4B-00C04F79EFBC}") = "XeGateway.Web.Test", "XeGateway.Web.Test\XeGateway.Web.Test.csproj", "{1394FBF8-4700-4BC9-8D01-64177B416616}"
EndProject
Global
	GlobalSection(SolutionConfigurationPlatforms) = preSolution
		Debug|Any CPU = Debug|Any CPU
		Release|Any CPU = Release|Any CPU
	EndGlobalSection
	GlobalSection(ProjectConfigurationPlatforms) = postSolution
		{05C1EA3E-5CC0-4C3C-891B-2718B44B0372}.Debug|Any CPU.ActiveCfg = Debug|Any CPU
		{05C1EA3E-5CC0-4C3C-891B-2718B44B0372}.Debug|Any CPU.Build.0 = Debug|Any CPU
		{05C1EA3E-5CC0-4C3C-891B-2718B44B0372}.Release|Any CPU.ActiveCfg = Release|Any CPU
		{05C1EA3E-5CC0-4C3C-891B-2718B44B0372}.Release|Any CPU.Build.0 = Release|Any CPU
		{92AA9618-853B-486C-AFAB-6B1532751A27}.Debug|Any CPU.ActiveCfg = Debug|Any CPU
		{92AA9618-853B-486C-AFAB-6B1532751A27}.Debug|Any CPU.Build.0 = Debug|Any CPU
		{92AA9618-853B-486C-AFAB-6B1532751A27}.Release|Any CPU.ActiveCfg = Release|Any CPU
		{92AA9618-853B-486C-AFAB-6B1532751A27}.Release|Any CPU.Build.0 = Release|Any CPU
		{BCDBAB7F-A011-4081-B42A-C9FB36AEC08F}.Debug|Any CPU.ActiveCfg = Debug|Any CPU
		{BCDBAB7F-A011-4081-B42A-C9FB36AEC08F}.Debug|Any CPU.Build.0 = Debug|Any CPU
		{BCDBAB7F-A011-4081-B42A-C9FB36AEC08F}.Release|Any CPU.ActiveCfg = Release|Any CPU
		{BCDBAB7F-A011-4081-B42A-C9FB36AEC08F}.Release|Any CPU.Build.0 = Release|Any CPU
		{57BF5A17-9751-4AB8-8324-2C7081D9640B}.Debug|Any CPU.ActiveCfg = Debug|Any CPU
		{57BF5A17-9751-4AB8-8324-2C7081D9640B}.Debug|Any CPU.Build.0 = Debug|Any CPU
		{57BF5A17-9751-4AB8-8324-2C7081D9640B}.Release|Any CPU.ActiveCfg = Release|Any CPU
		{57BF5A17-9751-4AB8-8324-2C7081D9640B}.Release|Any CPU.Build.0 = Release|Any CPU
		{23C6A040-5EFE-4DC2-A6BD-0C39197C932E}.Debug|Any CPU.ActiveCfg = Debug|Any CPU
		{23C6A040-5EFE-4DC2-A6BD-0C39197C932E}.Debug|Any CPU.Build.0 = Debug|Any CPU
		{23C6A040-5EFE-4DC2-A6BD-0C39197C932E}.Release|Any CPU.ActiveCfg = Release|Any CPU
		{23C6A040-5EFE-4DC2-A6BD-0C39197C932E}.Release|Any CPU.Build.0 = Release|Any CPU
		{35BF8A61-AC28-41BD-B32E-E21C30823F91}.Debug|Any CPU.ActiveCfg = Debug|Any CPU
		{35BF8A61-AC28-41BD-B32E-E21C30823F91}.Debug|Any CPU.Build.0 = Debug|Any CPU
		{35BF8A61-AC28-41BD-B32E-E21C30823F91}.Release|Any CPU.ActiveCfg = Release|Any CPU
		{35BF8A61-AC28-41BD-B32E-E21C30823F91}.Release|Any CPU.Build.0 = Release|Any CPU
		{7DE73B04-C192-49FE-9326-8A7D2B90C1A0}.Debug|Any CPU.ActiveCfg = Debug|Any CPU
		{7DE73B04-C192-49FE-9326-8A7D2B90C1A0}.Debug|Any CPU.Build.0 = Debug|Any CPU
		{7DE73B04-C192-49FE-9326-8A7D2B90C1A0}.Release|Any CPU.ActiveCfg = Release|Any CPU
		{7DE73B04-C192-49FE-9326-8A7D2B90C1A0}.Release|Any CPU.Build.0 = Release|Any CPU
		{1468BE1D-A350-42C2-B602-74BCE76CD2F1}.Debug|Any CPU.ActiveCfg = Debug|Any CPU
		{1468BE1D-A350-42C2-B602-74BCE76CD2F1}.Debug|Any CPU.Build.0 = Debug|Any CPU
		{1468BE1D-A350-42C2-B602-74BCE76CD2F1}.Release|Any CPU.ActiveCfg = Release|Any CPU
		{1468BE1D-A350-42C2-B602-74BCE76CD2F1}.Release|Any CPU.Build.0 = Release|Any CPU
		{719A235E-F8CD-4729-9CFC-E63E1A0AA3CC}.Debug|Any CPU.ActiveCfg = Debug|Any CPU
		{719A235E-F8CD-4729-9CFC-E63E1A0AA3CC}.Debug|Any CPU.Build.0 = Debug|Any CPU
		{719A235E-F8CD-4729-9CFC-E63E1A0AA3CC}.Release|Any CPU.ActiveCfg = Release|Any CPU
		{719A235E-F8CD-4729-9CFC-E63E1A0AA3CC}.Release|Any CPU.Build.0 = Release|Any CPU
		{9B83212B-16AF-4E8A-8F53-8343BF895BA4}.Debug|Any CPU.ActiveCfg = Debug|Any CPU
		{9B83212B-16AF-4E8A-8F53-8343BF895BA4}.Debug|Any CPU.Build.0 = Debug|Any CPU
		{9B83212B-16AF-4E8A-8F53-8343BF895BA4}.Release|Any CPU.ActiveCfg = Release|Any CPU
		{9B83212B-16AF-4E8A-8F53-8343BF895BA4}.Release|Any CPU.Build.0 = Release|Any CPU
		{1394FBF8-4700-4BC9-8D01-64177B416616}.Debug|Any CPU.ActiveCfg = Debug|Any CPU
		{1394FBF8-4700-4BC9-8D01-64177B416616}.Debug|Any CPU.Build.0 = Debug|Any CPU
		{1394FBF8-4700-4BC9-8D01-64177B416616}.Release|Any CPU.ActiveCfg = Release|Any CPU
		{1394FBF8-4700-4BC9-8D01-64177B416616}.Release|Any CPU.Build.0 = Release|Any CPU
	EndGlobalSection
	GlobalSection(SolutionProperties) = preSolution
		HideSolutionNode = FALSE
	EndGlobalSection
	GlobalSection(NestedProjects) = preSolution
		{35BF8A61-AC28-41BD-B32E-E21C30823F91} = {B1CA4FCE-48C4-4133-80E9-976C1E9D811A}
	EndGlobalSection
EndGlobal
